
Microsoft Visual Studio Solution File, Format Version 12.00
# Visual Studio Version 17
VisualStudioVersion = 17.14.36408.4
MinimumVisualStudioVersion = 10.0.40219.1
Project("{FAE04EC0-301F-11D3-BF4B-00C04F79EFBC}") = "kurs4v28", "kurs4v28\kurs4v28.csproj", "{0BDA447C-2A4B-4A40-AEAA-25EC31E7C94E}"
EndProject
Global
	GlobalSection(SolutionConfigurationPlatforms) = preSolution
		Debug|Any CPU = Debug|Any CPU
		Release|Any CPU = Release|Any CPU
	EndGlobalSection
	GlobalSection(ProjectConfigurationPlatforms) = postSolution
		{0BDA447C-2A4B-4A40-AEAA-25EC31E7C94E}.Debug|Any CPU.ActiveCfg = Debug|Any CPU
		{0BDA447C-2A4B-4A40-AEAA-25EC31E7C94E}.Debug|Any CPU.Build.0 = Debug|Any CPU
		{0BDA447C-2A4B-4A40-AEAA-25EC31E7C94E}.Release|Any CPU.ActiveCfg = Release|Any CPU
		{0BDA447C-2A4B-4A40-AEAA-25EC31E7C94E}.Release|Any CPU.Build.0 = Release|Any CPU
	EndGlobalSection
	GlobalSection(SolutionProperties) = preSolution
		HideSolutionNode = FALSE
	EndGlobalSection
	GlobalSection(ExtensibilityGlobals) = postSolution
		SolutionGuid = {AE5A1281-C6D5-4F9A-BB06-17095D040844}
	EndGlobalSection
EndGlobal
